// !$*UTF8*$!
{
	archiveVersion = 1;
	classes = {
	};
	objectVersion = 55;
	objects = {

/* Begin PBXBuildFile section */
		8968C62727F893AB0092B53A /* LandmarksApp.swift in Sources */ = {isa = PBXBuildFile; fileRef = 8968C62627F893AB0092B53A /* LandmarksApp.swift */; };
		8968C62927F893AB0092B53A /* LandmarkDetail.swift in Sources */ = {isa = PBXBuildFile; fileRef = 8968C62827F893AB0092B53A /* LandmarkDetail.swift */; };
		8968C62B27F893AD0092B53A /* Assets.xcassets in Resources */ = {isa = PBXBuildFile; fileRef = 8968C62A27F893AD0092B53A /* Assets.xcassets */; };
		8968C62E27F893AD0092B53A /* Preview Assets.xcassets in Resources */ = {isa = PBXBuildFile; fileRef = 8968C62D27F893AD0092B53A /* Preview Assets.xcassets */; };
		8968C64527F894540092B53A /* charleyrivers.jpg in Resources */ = {isa = PBXBuildFile; fileRef = 8968C63727F894540092B53A /* charleyrivers.jpg */; };
		8968C64627F894540092B53A /* turtlerock.jpg in Resources */ = {isa = PBXBuildFile; fileRef = 8968C63827F894540092B53A /* turtlerock.jpg */; };
		8968C64727F894540092B53A /* silversalmoncreek.jpg in Resources */ = {isa = PBXBuildFile; fileRef = 8968C63927F894540092B53A /* silversalmoncreek.jpg */; };
		8968C64827F894540092B53A /* hikeData.json in Resources */ = {isa = PBXBuildFile; fileRef = 8968C63A27F894540092B53A /* hikeData.json */; };
		8968C64927F894540092B53A /* icybay.jpg in Resources */ = {isa = PBXBuildFile; fileRef = 8968C63B27F894540092B53A /* icybay.jpg */; };
		8968C64A27F894540092B53A /* lakemcdonald.jpg in Resources */ = {isa = PBXBuildFile; fileRef = 8968C63C27F894540092B53A /* lakemcdonald.jpg */; };
		8968C64B27F894540092B53A /* hiddenlake.jpg in Resources */ = {isa = PBXBuildFile; fileRef = 8968C63D27F894540092B53A /* hiddenlake.jpg */; };
		8968C64C27F894540092B53A /* twinlake.jpg in Resources */ = {isa = PBXBuildFile; fileRef = 8968C63E27F894540092B53A /* twinlake.jpg */; };
		8968C64D27F894540092B53A /* umbagog.jpg in Resources */ = {isa = PBXBuildFile; fileRef = 8968C63F27F894540092B53A /* umbagog.jpg */; };
		8968C64E27F894540092B53A /* landmarkData.json in Resources */ = {isa = PBXBuildFile; fileRef = 8968C64027F894540092B53A /* landmarkData.json */; };
		8968C64F27F894540092B53A /* chincoteague.jpg in Resources */ = {isa = PBXBuildFile; fileRef = 8968C64127F894540092B53A /* chincoteague.jpg */; };
		8968C65027F894540092B53A /* stmarylake.jpg in Resources */ = {isa = PBXBuildFile; fileRef = 8968C64227F894540092B53A /* stmarylake.jpg */; };
		8968C65127F894540092B53A /* chilkoottrail.jpg in Resources */ = {isa = PBXBuildFile; fileRef = 8968C64327F894540092B53A /* chilkoottrail.jpg */; };
		8968C65227F894540092B53A /* rainbowlake.jpg in Resources */ = {isa = PBXBuildFile; fileRef = 8968C64427F894540092B53A /* rainbowlake.jpg */; };
		8968C65427F894B70092B53A /* CircleImage.swift in Sources */ = {isa = PBXBuildFile; fileRef = 8968C65327F894B70092B53A /* CircleImage.swift */; };
		8968C65627F9D7190092B53A /* MapView.swift in Sources */ = {isa = PBXBuildFile; fileRef = 8968C65527F9D7180092B53A /* MapView.swift */; };
		8968C65927FC71D20092B53A /* Landmark.swift in Sources */ = {isa = PBXBuildFile; fileRef = 8968C65827FC71D20092B53A /* Landmark.swift */; };
		8968C65B27FC75870092B53A /* Data.swift in Sources */ = {isa = PBXBuildFile; fileRef = 8968C65A27FC75870092B53A /* Data.swift */; };
		8968C65D27FC78670092B53A /* LandmarkRow.swift in Sources */ = {isa = PBXBuildFile; fileRef = 8968C65C27FC78670092B53A /* LandmarkRow.swift */; };
/* End PBXBuildFile section */

/* Begin PBXFileReference section */
		8968C62327F893AB0092B53A /* Landmarks.app */ = {isa = PBXFileReference; explicitFileType = wrapper.application; includeInIndex = 0; path = Landmarks.app; sourceTree = BUILT_PRODUCTS_DIR; };
		8968C62627F893AB0092B53A /* LandmarksApp.swift */ = {isa = PBXFileReference; lastKnownFileType = sourcecode.swift; path = LandmarksApp.swift; sourceTree = "<group>"; };
		8968C62827F893AB0092B53A /* LandmarkDetail.swift */ = {isa = PBXFileReference; lastKnownFileType = sourcecode.swift; path = LandmarkDetail.swift; sourceTree = "<group>"; };
		8968C62A27F893AD0092B53A /* Assets.xcassets */ = {isa = PBXFileReference; lastKnownFileType = folder.assetcatalog; path = Assets.xcassets; sourceTree = "<group>"; };
		8968C62D27F893AD0092B53A /* Preview Assets.xcassets */ = {isa = PBXFileReference; lastKnownFileType = folder.assetcatalog; path = "Preview Assets.xcassets"; sourceTree = "<group>"; };
		8968C63727F894540092B53A /* charleyrivers.jpg */ = {isa = PBXFileReference; lastKnownFileType = image.jpeg; path = charleyrivers.jpg; sourceTree = "<group>"; };
		8968C63827F894540092B53A /* turtlerock.jpg */ = {isa = PBXFileReference; lastKnownFileType = image.jpeg; path = turtlerock.jpg; sourceTree = "<group>"; };
		8968C63927F894540092B53A /* silversalmoncreek.jpg */ = {isa = PBXFileReference; lastKnownFileType = image.jpeg; path = silversalmoncreek.jpg; sourceTree = "<group>"; };
		8968C63A27F894540092B53A /* hikeData.json */ = {isa = PBXFileReference; fileEncoding = 4; lastKnownFileType = text.json; path = hikeData.json; sourceTree = "<group>"; };
		8968C63B27F894540092B53A /* icybay.jpg */ = {isa = PBXFileReference; lastKnownFileType = image.jpeg; path = icybay.jpg; sourceTree = "<group>"; };
		8968C63C27F894540092B53A /* lakemcdonald.jpg */ = {isa = PBXFileReference; lastKnownFileType = image.jpeg; path = lakemcdonald.jpg; sourceTree = "<group>"; };
		8968C63D27F894540092B53A /* hiddenlake.jpg */ = {isa = PBXFileReference; lastKnownFileType = image.jpeg; path = hiddenlake.jpg; sourceTree = "<group>"; };
		8968C63E27F894540092B53A /* twinlake.jpg */ = {isa = PBXFileReference; lastKnownFileType = image.jpeg; path = twinlake.jpg; sourceTree = "<group>"; };
		8968C63F27F894540092B53A /* umbagog.jpg */ = {isa = PBXFileReference; lastKnownFileType = image.jpeg; path = umbagog.jpg; sourceTree = "<group>"; };
		8968C64027F894540092B53A /* landmarkData.json */ = {isa = PBXFileReference; fileEncoding = 4; lastKnownFileType = text.json; path = landmarkData.json; sourceTree = "<group>"; };
		8968C64127F894540092B53A /* chincoteague.jpg */ = {isa = PBXFileReference; lastKnownFileType = image.jpeg; path = chincoteague.jpg; sourceTree = "<group>"; };
		8968C64227F894540092B53A /* stmarylake.jpg */ = {isa = PBXFileReference; lastKnownFileType = image.jpeg; path = stmarylake.jpg; sourceTree = "<group>"; };
		8968C64327F894540092B53A /* chilkoottrail.jpg */ = {isa = PBXFileReference; lastKnownFileType = image.jpeg; path = chilkoottrail.jpg; sourceTree = "<group>"; };
		8968C64427F894540092B53A /* rainbowlake.jpg */ = {isa = PBXFileReference; lastKnownFileType = image.jpeg; path = rainbowlake.jpg; sourceTree = "<group>"; };
		8968C65327F894B70092B53A /* CircleImage.swift */ = {isa = PBXFileReference; lastKnownFileType = sourcecode.swift; path = CircleImage.swift; sourceTree = "<group>"; };
		8968C65527F9D7180092B53A /* MapView.swift */ = {isa = PBXFileReference; lastKnownFileType = sourcecode.swift; path = MapView.swift; sourceTree = "<group>"; };
		8968C65827FC71D20092B53A /* Landmark.swift */ = {isa = PBXFileReference; lastKnownFileType = sourcecode.swift; path = Landmark.swift; sourceTree = "<group>"; };
		8968C65A27FC75870092B53A /* Data.swift */ = {isa = PBXFileReference; lastKnownFileType = sourcecode.swift; path = Data.swift; sourceTree = "<group>"; };
		8968C65C27FC78670092B53A /* LandmarkRow.swift */ = {isa = PBXFileReference; lastKnownFileType = sourcecode.swift; path = LandmarkRow.swift; sourceTree = "<group>"; };
/* End PBXFileReference section */

/* Begin PBXFrameworksBuildPhase section */
		8968C62027F893AB0092B53A /* Frameworks */ = {
			isa = PBXFrameworksBuildPhase;
			buildActionMask = 2147483647;
			files = (
			);
			runOnlyForDeploymentPostprocessing = 0;
		};
/* End PBXFrameworksBuildPhase section */

/* Begin PBXGroup section */
		8968C61A27F893AB0092B53A = {
			isa = PBXGroup;
			children = (
				8968C62527F893AB0092B53A /* Landmarks */,
				8968C62427F893AB0092B53A /* Products */,
			);
			sourceTree = "<group>";
		};
		8968C62427F893AB0092B53A /* Products */ = {
			isa = PBXGroup;
			children = (
				8968C62327F893AB0092B53A /* Landmarks.app */,
			);
			name = Products;
			sourceTree = "<group>";
		};
		8968C62527F893AB0092B53A /* Landmarks */ = {
			isa = PBXGroup;
			children = (
				8968C62627F893AB0092B53A /* LandmarksApp.swift */,
				8968C62827F893AB0092B53A /* LandmarkDetail.swift */,
				8968C65727FC71B20092B53A /* Model */,
				8968C63627F894540092B53A /* Resources */,
				8968C62A27F893AD0092B53A /* Assets.xcassets */,
				8968C62C27F893AD0092B53A /* Preview Content */,
				8968C65327F894B70092B53A /* CircleImage.swift */,
				8968C65527F9D7180092B53A /* MapView.swift */,
				8968C65C27FC78670092B53A /* LandmarkRow.swift */,
			);
			path = Landmarks;
			sourceTree = "<group>";
		};
		8968C62C27F893AD0092B53A /* Preview Content */ = {
			isa = PBXGroup;
			children = (
				8968C62D27F893AD0092B53A /* Preview Assets.xcassets */,
			);
			path = "Preview Content";
			sourceTree = "<group>";
		};
		8968C63627F894540092B53A /* Resources */ = {
			isa = PBXGroup;
			children = (
				8968C63727F894540092B53A /* charleyrivers.jpg */,
				8968C63827F894540092B53A /* turtlerock.jpg */,
				8968C63927F894540092B53A /* silversalmoncreek.jpg */,
				8968C63A27F894540092B53A /* hikeData.json */,
				8968C63B27F894540092B53A /* icybay.jpg */,
				8968C63C27F894540092B53A /* lakemcdonald.jpg */,
				8968C63D27F894540092B53A /* hiddenlake.jpg */,
				8968C63E27F894540092B53A /* twinlake.jpg */,
				8968C63F27F894540092B53A /* umbagog.jpg */,
				8968C64027F894540092B53A /* landmarkData.json */,
				8968C64127F894540092B53A /* chincoteague.jpg */,
				8968C64227F894540092B53A /* stmarylake.jpg */,
				8968C64327F894540092B53A /* chilkoottrail.jpg */,
				8968C64427F894540092B53A /* rainbowlake.jpg */,
			);
			name = Resources;
			path = ../../../Desktop/Resources;
			sourceTree = "<group>";
		};
		8968C65727FC71B20092B53A /* Model */ = {
			isa = PBXGroup;
			children = (
				8968C65827FC71D20092B53A /* Landmark.swift */,
				8968C65A27FC75870092B53A /* Data.swift */,
			);
			path = Model;
			sourceTree = "<group>";
		};
/* End PBXGroup section */

/* Begin PBXNativeTarget section */
		8968C62227F893AB0092B53A /* Landmarks */ = {
			isa = PBXNativeTarget;
			buildConfigurationList = 8968C63127F893AD0092B53A /* Build configuration list for PBXNativeTarget "Landmarks" */;
			buildPhases = (
				8968C61F27F893AB0092B53A /* Sources */,
				8968C62027F893AB0092B53A /* Frameworks */,
				8968C62127F893AB0092B53A /* Resources */,
			);
			buildRules = (
			);
			dependencies = (
			);
			name = Landmarks;
			productName = Landmarks;
			productReference = 8968C62327F893AB0092B53A /* Landmarks.app */;
			productType = "com.apple.product-type.application";
		};
/* End PBXNativeTarget section */

/* Begin PBXProject section */
		8968C61B27F893AB0092B53A /* Project object */ = {
			isa = PBXProject;
			attributes = {
				BuildIndependentTargetsInParallel = 1;
				LastSwiftUpdateCheck = 1330;
				LastUpgradeCheck = 1330;
				TargetAttributes = {
					8968C62227F893AB0092B53A = {
						CreatedOnToolsVersion = 13.3;
					};
				};
			};
			buildConfigurationList = 8968C61E27F893AB0092B53A /* Build configuration list for PBXProject "Landmarks" */;
			compatibilityVersion = "Xcode 13.0";
			developmentRegion = en;
			hasScannedForEncodings = 0;
			knownRegions = (
				en,
				Base,
			);
			mainGroup = 8968C61A27F893AB0092B53A;
			productRefGroup = 8968C62427F893AB0092B53A /* Products */;
			projectDirPath = "";
			projectRoot = "";
			targets = (
				8968C62227F893AB0092B53A /* Landmarks */,
			);
		};
/* End PBXProject section */

/* Begin PBXResourcesBuildPhase section */
		8968C62127F893AB0092B53A /* Resources */ = {
			isa = PBXResourcesBuildPhase;
			buildActionMask = 2147483647;
			files = (
				8968C64727F894540092B53A /* silversalmoncreek.jpg in Resources */,
				8968C64627F894540092B53A /* turtlerock.jpg in Resources */,
				8968C64527F894540092B53A /* charleyrivers.jpg in Resources */,
				8968C62E27F893AD0092B53A /* Preview Assets.xcassets in Resources */,
				8968C64827F894540092B53A /* hikeData.json in Resources */,
				8968C64F27F894540092B53A /* chincoteague.jpg in Resources */,
				8968C65027F894540092B53A /* stmarylake.jpg in Resources */,
				8968C64E27F894540092B53A /* landmarkData.json in Resources */,
				8968C64927F894540092B53A /* icybay.jpg in Resources */,
				8968C64C27F894540092B53A /* twinlake.jpg in Resources */,
				8968C64A27F894540092B53A /* lakemcdonald.jpg in Resources */,
				8968C64B27F894540092B53A /* hiddenlake.jpg in Resources */,
				8968C64D27F894540092B53A /* umbagog.jpg in Resources */,
				8968C65227F894540092B53A /* rainbowlake.jpg in Resources */,
				8968C65127F894540092B53A /* chilkoottrail.jpg in Resources */,
				8968C62B27F893AD0092B53A /* Assets.xcassets in Resources */,
			);
			runOnlyForDeploymentPostprocessing = 0;
		};
/* End PBXResourcesBuildPhase section */

/* Begin PBXSourcesBuildPhase section */
		8968C61F27F893AB0092B53A /* Sources */ = {
			isa = PBXSourcesBuildPhase;
			buildActionMask = 2147483647;
			files = (
				8968C62927F893AB0092B53A /* LandmarkDetail.swift in Sources */,
				8968C65B27FC75870092B53A /* Data.swift in Sources */,
				8968C65627F9D7190092B53A /* MapView.swift in Sources */,
				8968C62727F893AB0092B53A /* LandmarksApp.swift in Sources */,
				8968C65427F894B70092B53A /* CircleImage.swift in Sources */,
				8968C65D27FC78670092B53A /* LandmarkRow.swift in Sources */,
				8968C65927FC71D20092B53A /* Landmark.swift in Sources */,
			);
			runOnlyForDeploymentPostprocessing = 0;
		};
/* End PBXSourcesBuildPhase section */

/* Begin XCBuildConfiguration section */
		8968C62F27F893AD0092B53A /* Debug */ = {
			isa = XCBuildConfiguration;
			buildSettings = {
				ALWAYS_SEARCH_USER_PATHS = NO;
				CLANG_ANALYZER_NONNULL = YES;
				CLANG_ANALYZER_NUMBER_OBJECT_CONVERSION = YES_AGGRESSIVE;
				CLANG_CXX_LANGUAGE_STANDARD = "gnu++17";
				CLANG_ENABLE_MODULES = YES;
				CLANG_ENABLE_OBJC_ARC = YES;
				CLANG_ENABLE_OBJC_WEAK = YES;
				CLANG_WARN_BLOCK_CAPTURE_AUTORELEASING = YES;
				CLANG_WARN_BOOL_CONVERSION = YES;
				CLANG_WARN_COMMA = YES;
				CLANG_WARN_CONSTANT_CONVERSION = YES;
				CLANG_WARN_DEPRECATED_OBJC_IMPLEMENTATIONS = YES;
				CLANG_WARN_DIRECT_OBJC_ISA_USAGE = YES_ERROR;
				CLANG_WARN_DOCUMENTATION_COMMENTS = YES;
				CLANG_WARN_EMPTY_BODY = YES;
				CLANG_WARN_ENUM_CONVERSION = YES;
				CLANG_WARN_INFINITE_RECURSION = YES;
				CLANG_WARN_INT_CONVERSION = YES;
				CLANG_WARN_NON_LITERAL_NULL_CONVERSION = YES;
				CLANG_WARN_OBJC_IMPLICIT_RETAIN_SELF = YES;
				CLANG_WARN_OBJC_LITERAL_CONVERSION = YES;
				CLANG_WARN_OBJC_ROOT_CLASS = YES_ERROR;
				CLANG_WARN_QUOTED_INCLUDE_IN_FRAMEWORK_HEADER = YES;
				CLANG_WARN_RANGE_LOOP_ANALYSIS = YES;
				CLANG_WARN_STRICT_PROTOTYPES = YES;
				CLANG_WARN_SUSPICIOUS_MOVE = YES;
				CLANG_WARN_UNGUARDED_AVAILABILITY = YES_AGGRESSIVE;
				CLANG_WARN_UNREACHABLE_CODE = YES;
				CLANG_WARN__DUPLICATE_METHOD_MATCH = YES;
				COPY_PHASE_STRIP = NO;
				DEBUG_INFORMATION_FORMAT = dwarf;
				ENABLE_STRICT_OBJC_MSGSEND = YES;
				ENABLE_TESTABILITY = YES;
				GCC_C_LANGUAGE_STANDARD = gnu11;
				GCC_DYNAMIC_NO_PIC = NO;
				GCC_NO_COMMON_BLOCKS = YES;
				GCC_OPTIMIZATION_LEVEL = 0;
				GCC_PREPROCESSOR_DEFINITIONS = (
					"DEBUG=1",
					"$(inherited)",
				);
				GCC_WARN_64_TO_32_BIT_CONVERSION = YES;
				GCC_WARN_ABOUT_RETURN_TYPE = YES_ERROR;
				GCC_WARN_UNDECLARED_SELECTOR = YES;
				GCC_WARN_UNINITIALIZED_AUTOS = YES_AGGRESSIVE;
				GCC_WARN_UNUSED_FUNCTION = YES;
				GCC_WARN_UNUSED_VARIABLE = YES;
				IPHONEOS_DEPLOYMENT_TARGET = 15.4;
				MTL_ENABLE_DEBUG_INFO = INCLUDE_SOURCE;
				MTL_FAST_MATH = YES;
				ONLY_ACTIVE_ARCH = YES;
				SDKROOT = iphoneos;
				SWIFT_ACTIVE_COMPILATION_CONDITIONS = DEBUG;
				SWIFT_OPTIMIZATION_LEVEL = "-Onone";
			};
			name = Debug;
		};
		8968C63027F893AD0092B53A /* Release */ = {
			isa = XCBuildConfiguration;
			buildSettings = {
				ALWAYS_SEARCH_USER_PATHS = NO;
				CLANG_ANALYZER_NONNULL = YES;
				CLANG_ANALYZER_NUMBER_OBJECT_CONVERSION = YES_AGGRESSIVE;
				CLANG_CXX_LANGUAGE_STANDARD = "gnu++17";
				CLANG_ENABLE_MODULES = YES;
				CLANG_ENABLE_OBJC_ARC = YES;
				CLANG_ENABLE_OBJC_WEAK = YES;
				CLANG_WARN_BLOCK_CAPTURE_AUTORELEASING = YES;
				CLANG_WARN_BOOL_CONVERSION = YES;
				CLANG_WARN_COMMA = YES;
				CLANG_WARN_CONSTANT_CONVERSION = YES;
				CLANG_WARN_DEPRECATED_OBJC_IMPLEMENTATIONS = YES;
				CLANG_WARN_DIRECT_OBJC_ISA_USAGE = YES_ERROR;
				CLANG_WARN_DOCUMENTATION_COMMENTS = YES;
				CLANG_WARN_EMPTY_BODY = YES;
				CLANG_WARN_ENUM_CONVERSION = YES;
				CLANG_WARN_INFINITE_RECURSION = YES;
				CLANG_WARN_INT_CONVERSION = YES;
				CLANG_WARN_NON_LITERAL_NULL_CONVERSION = YES;
				CLANG_WARN_OBJC_IMPLICIT_RETAIN_SELF = YES;
				CLANG_WARN_OBJC_LITERAL_CONVERSION = YES;
				CLANG_WARN_OBJC_ROOT_CLASS = YES_ERROR;
				CLANG_WARN_QUOTED_INCLUDE_IN_FRAMEWORK_HEADER = YES;
				CLANG_WARN_RANGE_LOOP_ANALYSIS = YES;
				CLANG_WARN_STRICT_PROTOTYPES = YES;
				CLANG_WARN_SUSPICIOUS_MOVE = YES;
				CLANG_WARN_UNGUARDED_AVAILABILITY = YES_AGGRESSIVE;
				CLANG_WARN_UNREACHABLE_CODE = YES;
				CLANG_WARN__DUPLICATE_METHOD_MATCH = YES;
				COPY_PHASE_STRIP = NO;
				DEBUG_INFORMATION_FORMAT = "dwarf-with-dsym";
				ENABLE_NS_ASSERTIONS = NO;
				ENABLE_STRICT_OBJC_MSGSEND = YES;
				GCC_C_LANGUAGE_STANDARD = gnu11;
				GCC_NO_COMMON_BLOCKS = YES;
				GCC_WARN_64_TO_32_BIT_CONVERSION = YES;
				GCC_WARN_ABOUT_RETURN_TYPE = YES_ERROR;
				GCC_WARN_UNDECLARED_SELECTOR = YES;
				GCC_WARN_UNINITIALIZED_AUTOS = YES_AGGRESSIVE;
				GCC_WARN_UNUSED_FUNCTION = YES;
				GCC_WARN_UNUSED_VARIABLE = YES;
				IPHONEOS_DEPLOYMENT_TARGET = 15.4;
				MTL_ENABLE_DEBUG_INFO = NO;
				MTL_FAST_MATH = YES;
				SDKROOT = iphoneos;
				SWIFT_COMPILATION_MODE = wholemodule;
				SWIFT_OPTIMIZATION_LEVEL = "-O";
				VALIDATE_PRODUCT = YES;
			};
			name = Release;
		};
		8968C63227F893AD0092B53A /* Debug */ = {
			isa = XCBuildConfiguration;
			buildSettings = {
				ASSETCATALOG_COMPILER_APPICON_NAME = AppIcon;
				ASSETCATALOG_COMPILER_GLOBAL_ACCENT_COLOR_NAME = AccentColor;
				CODE_SIGN_STYLE = Automatic;
				CURRENT_PROJECT_VERSION = 1;
				DEVELOPMENT_ASSET_PATHS = "\"Landmarks/Preview Content\"";
				ENABLE_PREVIEWS = YES;
				GENERATE_INFOPLIST_FILE = YES;
				INFOPLIST_KEY_UIApplicationSceneManifest_Generation = YES;
				INFOPLIST_KEY_UIApplicationSupportsIndirectInputEvents = YES;
				INFOPLIST_KEY_UILaunchScreen_Generation = YES;
				INFOPLIST_KEY_UISupportedInterfaceOrientations_iPad = "UIInterfaceOrientationPortrait UIInterfaceOrientationPortraitUpsideDown UIInterfaceOrientationLandscapeLeft UIInterfaceOrientationLandscapeRight";
				INFOPLIST_KEY_UISupportedInterfaceOrientations_iPhone = "UIInterfaceOrientationPortrait UIInterfaceOrientationLandscapeLeft UIInterfaceOrientationLandscapeRight";
				LD_RUNPATH_SEARCH_PATHS = (
					"$(inherited)",
					"@executable_path/Frameworks",
				);
				MARKETING_VERSION = 1.0;
				PRODUCT_BUNDLE_IDENTIFIER = net.hirlab.Landmarks;
				PRODUCT_NAME = "$(TARGET_NAME)";
				SWIFT_EMIT_LOC_STRINGS = YES;
				SWIFT_VERSION = 5.0;
				TARGETED_DEVICE_FAMILY = "1,2";
			};
			name = Debug;
		};
		8968C63327F893AD0092B53A /* Release */ = {
			isa = XCBuildConfiguration;
			buildSettings = {
				ASSETCATALOG_COMPILER_APPICON_NAME = AppIcon;
				ASSETCATALOG_COMPILER_GLOBAL_ACCENT_COLOR_NAME = AccentColor;
				CODE_SIGN_STYLE = Automatic;
				CURRENT_PROJECT_VERSION = 1;
				DEVELOPMENT_ASSET_PATHS = "\"Landmarks/Preview Content\"";
				ENABLE_PREVIEWS = YES;
				GENERATE_INFOPLIST_FILE = YES;
				INFOPLIST_KEY_UIApplicationSceneManifest_Generation = YES;
				INFOPLIST_KEY_UIApplicationSupportsIndirectInputEvents = YES;
				INFOPLIST_KEY_UILaunchScreen_Generation = YES;
				INFOPLIST_KEY_UISupportedInterfaceOrientations_iPad = "UIInterfaceOrientationPortrait UIInterfaceOrientationPortraitUpsideDown UIInterfaceOrientationLandscapeLeft UIInterfaceOrientationLandscapeRight";
				INFOPLIST_KEY_UISupportedInterfaceOrientations_iPhone = "UIInterfaceOrientationPortrait UIInterfaceOrientationLandscapeLeft UIInterfaceOrientationLandscapeRight";
				LD_RUNPATH_SEARCH_PATHS = (
					"$(inherited)",
					"@executable_path/Frameworks",
				);
				MARKETING_VERSION = 1.0;
				PRODUCT_BUNDLE_IDENTIFIER = net.hirlab.Landmarks;
				PRODUCT_NAME = "$(TARGET_NAME)";
				SWIFT_EMIT_LOC_STRINGS = YES;
				SWIFT_VERSION = 5.0;
				TARGETED_DEVICE_FAMILY = "1,2";
			};
			name = Release;
		};
/* End XCBuildConfiguration section */

/* Begin XCConfigurationList section */
		8968C61E27F893AB0092B53A /* Build configuration list for PBXProject "Landmarks" */ = {
			isa = XCConfigurationList;
			buildConfigurations = (
				8968C62F27F893AD0092B53A /* Debug */,
				8968C63027F893AD0092B53A /* Release */,
			);
			defaultConfigurationIsVisible = 0;
			defaultConfigurationName = Release;
		};
		8968C63127F893AD0092B53A /* Build configuration list for PBXNativeTarget "Landmarks" */ = {
			isa = XCConfigurationList;
			buildConfigurations = (
				8968C63227F893AD0092B53A /* Debug */,
				8968C63327F893AD0092B53A /* Release */,
			);
			defaultConfigurationIsVisible = 0;
			defaultConfigurationName = Release;
		};
/* End XCConfigurationList section */
	};
	rootObject = 8968C61B27F893AB0092B53A /* Project object */;
}
